
Microsoft Visual Studio Solution File, Format Version 12.00
# Visual Studio Version 16
VisualStudioVersion = 16.0.31410.357
MinimumVisualStudioVersion = 10.0.40219.1
Project("{FAE04EC0-301F-11D3-BF4B-00C04F79EFBC}") = "ThreadJoinIsAlive", "ThreadJoinIsAlive\ThreadJoinIsAlive.csproj", "{D8BB6B7B-D832-493A-8778-D9AF15AEE068}"
EndProject
Global
	GlobalSection(SolutionConfigurationPlatforms) = preSolution
		Debug|Any CPU = Debug|Any CPU
		Release|Any CPU = Release|Any CPU
	EndGlobalSection
	GlobalSection(ProjectConfigurationPlatforms) = postSolution
		{D8BB6B7B-D832-493A-8778-D9AF15AEE068}.Debug|Any CPU.ActiveCfg = Debug|Any CPU
		{D8BB6B7B-D832-493A-8778-D9AF15AEE068}.Debug|Any CPU.Build.0 = Debug|Any CPU
		{D8BB6B7B-D832-493A-8778-D9AF15AEE068}.Release|Any CPU.ActiveCfg = Release|Any CPU
		{D8BB6B7B-D832-493A-8778-D9AF15AEE068}.Release|Any CPU.Build.0 = Release|Any CPU
	EndGlobalSection
	GlobalSection(SolutionProperties) = preSolution
		HideSolutionNode = FALSE
	EndGlobalSection
	GlobalSection(ExtensibilityGlobals) = postSolution
		SolutionGuid = {6CA2F508-5C36-4DBF-BD85-BB12020A1F7E}
	EndGlobalSection
EndGlobal
