
Microsoft Visual Studio Solution File, Format Version 12.00
# Visual Studio Version 16
VisualStudioVersion = 16.0.31229.75
MinimumVisualStudioVersion = 10.0.40219.1
Project("{FAE04EC0-301F-11D3-BF4B-00C04F79EFBC}") = "TypeTypeMembersAccessModifiers", "TypeTypeMembersAccessModifiers\TypeTypeMembersAccessModifiers.csproj", "{F0000318-43D3-4103-85E4-1EFF14201404}"
EndProject
Global
	GlobalSection(SolutionConfigurationPlatforms) = preSolution
		Debug|Any CPU = Debug|Any CPU
		Release|Any CPU = Release|Any CPU
	EndGlobalSection
	GlobalSection(ProjectConfigurationPlatforms) = postSolution
		{F0000318-43D3-4103-85E4-1EFF14201404}.Debug|Any CPU.ActiveCfg = Debug|Any CPU
		{F0000318-43D3-4103-85E4-1EFF14201404}.Debug|Any CPU.Build.0 = Debug|Any CPU
		{F0000318-43D3-4103-85E4-1EFF14201404}.Release|Any CPU.ActiveCfg = Release|Any CPU
		{F0000318-43D3-4103-85E4-1EFF14201404}.Release|Any CPU.Build.0 = Release|Any CPU
	EndGlobalSection
	GlobalSection(SolutionProperties) = preSolution
		HideSolutionNode = FALSE
	EndGlobalSection
	GlobalSection(ExtensibilityGlobals) = postSolution
		SolutionGuid = {8CE67C50-7960-4DE6-8B3D-A2A1F364AF50}
	EndGlobalSection
EndGlobal
