
Microsoft Visual Studio Solution File, Format Version 12.00
# Visual Studio Version 16
VisualStudioVersion = 16.0.31410.357
MinimumVisualStudioVersion = 10.0.40219.1
Project("{FAE04EC0-301F-11D3-BF4B-00C04F79EFBC}") = "AnonymousMethods", "AnonymousMethods\AnonymousMethods.csproj", "{962BC6C1-DAD6-45F6-B8A4-ECF65588EAB8}"
EndProject
Global
	GlobalSection(SolutionConfigurationPlatforms) = preSolution
		Debug|Any CPU = Debug|Any CPU
		Release|Any CPU = Release|Any CPU
	EndGlobalSection
	GlobalSection(ProjectConfigurationPlatforms) = postSolution
		{962BC6C1-DAD6-45F6-B8A4-ECF65588EAB8}.Debug|Any CPU.ActiveCfg = Debug|Any CPU
		{962BC6C1-DAD6-45F6-B8A4-ECF65588EAB8}.Debug|Any CPU.Build.0 = Debug|Any CPU
		{962BC6C1-DAD6-45F6-B8A4-ECF65588EAB8}.Release|Any CPU.ActiveCfg = Release|Any CPU
		{962BC6C1-DAD6-45F6-B8A4-ECF65588EAB8}.Release|Any CPU.Build.0 = Release|Any CPU
	EndGlobalSection
	GlobalSection(SolutionProperties) = preSolution
		HideSolutionNode = FALSE
	EndGlobalSection
	GlobalSection(ExtensibilityGlobals) = postSolution
		SolutionGuid = {2B7313F7-5261-4A13-BC19-57C2E11E5F28}
	EndGlobalSection
EndGlobal
