
Microsoft Visual Studio Solution File, Format Version 12.00
# Visual Studio Version 16
VisualStudioVersion = 16.0.31229.75
MinimumVisualStudioVersion = 10.0.40219.1
Project("{FAE04EC0-301F-11D3-BF4B-00C04F79EFBC}") = "ExceptionHandlingAbuseSolved", "ExceptionHandlingAbuseSolved\ExceptionHandlingAbuseSolved.csproj", "{FB02B2CC-291E-4972-A5B0-1E0935572A4B}"
EndProject
Global
	GlobalSection(SolutionConfigurationPlatforms) = preSolution
		Debug|Any CPU = Debug|Any CPU
		Release|Any CPU = Release|Any CPU
	EndGlobalSection
	GlobalSection(ProjectConfigurationPlatforms) = postSolution
		{FB02B2CC-291E-4972-A5B0-1E0935572A4B}.Debug|Any CPU.ActiveCfg = Debug|Any CPU
		{FB02B2CC-291E-4972-A5B0-1E0935572A4B}.Debug|Any CPU.Build.0 = Debug|Any CPU
		{FB02B2CC-291E-4972-A5B0-1E0935572A4B}.Release|Any CPU.ActiveCfg = Release|Any CPU
		{FB02B2CC-291E-4972-A5B0-1E0935572A4B}.Release|Any CPU.Build.0 = Release|Any CPU
	EndGlobalSection
	GlobalSection(SolutionProperties) = preSolution
		HideSolutionNode = FALSE
	EndGlobalSection
	GlobalSection(ExtensibilityGlobals) = postSolution
		SolutionGuid = {884B9C8C-5101-48A1-975D-19CD2C3C1F22}
	EndGlobalSection
EndGlobal
