
Microsoft Visual Studio Solution File, Format Version 12.00
# Visual Studio Version 16
VisualStudioVersion = 16.0.31410.357
MinimumVisualStudioVersion = 10.0.40219.1
Project("{FAE04EC0-301F-11D3-BF4B-00C04F79EFBC}") = "CountryCodeApp", "CountryCodeApp\CountryCodeApp.csproj", "{0269544B-049C-4751-93F8-EEEF484C2F27}"
EndProject
Global
	GlobalSection(SolutionConfigurationPlatforms) = preSolution
		Debug|Any CPU = Debug|Any CPU
		Release|Any CPU = Release|Any CPU
	EndGlobalSection
	GlobalSection(ProjectConfigurationPlatforms) = postSolution
		{0269544B-049C-4751-93F8-EEEF484C2F27}.Debug|Any CPU.ActiveCfg = Debug|Any CPU
		{0269544B-049C-4751-93F8-EEEF484C2F27}.Debug|Any CPU.Build.0 = Debug|Any CPU
		{0269544B-049C-4751-93F8-EEEF484C2F27}.Release|Any CPU.ActiveCfg = Release|Any CPU
		{0269544B-049C-4751-93F8-EEEF484C2F27}.Release|Any CPU.Build.0 = Release|Any CPU
	EndGlobalSection
	GlobalSection(SolutionProperties) = preSolution
		HideSolutionNode = FALSE
	EndGlobalSection
	GlobalSection(ExtensibilityGlobals) = postSolution
		SolutionGuid = {0EF759DD-E381-4E2E-91FC-932F8EBCD14F}
	EndGlobalSection
EndGlobal
