
Microsoft Visual Studio Solution File, Format Version 12.00
# Visual Studio Version 16
VisualStudioVersion = 16.0.31410.357
MinimumVisualStudioVersion = 10.0.40219.1
Project("{FAE04EC0-301F-11D3-BF4B-00C04F79EFBC}") = "MultiThreadingExample", "MultiThreadingExample\MultiThreadingExample.csproj", "{0B2DC9D9-B64B-498F-8913-393D0A60DFAE}"
EndProject
Global
	GlobalSection(SolutionConfigurationPlatforms) = preSolution
		Debug|Any CPU = Debug|Any CPU
		Release|Any CPU = Release|Any CPU
	EndGlobalSection
	GlobalSection(ProjectConfigurationPlatforms) = postSolution
		{0B2DC9D9-B64B-498F-8913-393D0A60DFAE}.Debug|Any CPU.ActiveCfg = Debug|Any CPU
		{0B2DC9D9-B64B-498F-8913-393D0A60DFAE}.Debug|Any CPU.Build.0 = Debug|Any CPU
		{0B2DC9D9-B64B-498F-8913-393D0A60DFAE}.Release|Any CPU.ActiveCfg = Release|Any CPU
		{0B2DC9D9-B64B-498F-8913-393D0A60DFAE}.Release|Any CPU.Build.0 = Release|Any CPU
	EndGlobalSection
	GlobalSection(SolutionProperties) = preSolution
		HideSolutionNode = FALSE
	EndGlobalSection
	GlobalSection(ExtensibilityGlobals) = postSolution
		SolutionGuid = {77642FCD-EAC4-40E1-995F-D47876E191F8}
	EndGlobalSection
EndGlobal
