
Microsoft Visual Studio Solution File, Format Version 12.00
# Visual Studio Version 16
VisualStudioVersion = 16.0.31410.357
MinimumVisualStudioVersion = 10.0.40219.1
Project("{FAE04EC0-301F-11D3-BF4B-00C04F79EFBC}") = "ParamterizedThreadStartDelegate", "ParamterizedThreadStartDelegate\ParamterizedThreadStartDelegate.csproj", "{652541F1-4B58-47A3-A062-96A7BF560FDB}"
EndProject
Global
	GlobalSection(SolutionConfigurationPlatforms) = preSolution
		Debug|Any CPU = Debug|Any CPU
		Release|Any CPU = Release|Any CPU
	EndGlobalSection
	GlobalSection(ProjectConfigurationPlatforms) = postSolution
		{652541F1-4B58-47A3-A062-96A7BF560FDB}.Debug|Any CPU.ActiveCfg = Debug|Any CPU
		{652541F1-4B58-47A3-A062-96A7BF560FDB}.Debug|Any CPU.Build.0 = Debug|Any CPU
		{652541F1-4B58-47A3-A062-96A7BF560FDB}.Release|Any CPU.ActiveCfg = Release|Any CPU
		{652541F1-4B58-47A3-A062-96A7BF560FDB}.Release|Any CPU.Build.0 = Release|Any CPU
	EndGlobalSection
	GlobalSection(SolutionProperties) = preSolution
		HideSolutionNode = FALSE
	EndGlobalSection
	GlobalSection(ExtensibilityGlobals) = postSolution
		SolutionGuid = {A0054D6B-E131-4238-8001-59A272D0F416}
	EndGlobalSection
EndGlobal
