
Microsoft Visual Studio Solution File, Format Version 12.00
# Visual Studio Version 16
VisualStudioVersion = 16.0.31229.75
MinimumVisualStudioVersion = 10.0.40219.1
Project("{FAE04EC0-301F-11D3-BF4B-00C04F79EFBC}") = "DiamondProblem", "DiamondProblem\DiamondProblem.csproj", "{4659F562-9D55-4E54-A0F5-AF2340BCF44F}"
EndProject
Global
	GlobalSection(SolutionConfigurationPlatforms) = preSolution
		Debug|Any CPU = Debug|Any CPU
		Release|Any CPU = Release|Any CPU
	EndGlobalSection
	GlobalSection(ProjectConfigurationPlatforms) = postSolution
		{4659F562-9D55-4E54-A0F5-AF2340BCF44F}.Debug|Any CPU.ActiveCfg = Debug|Any CPU
		{4659F562-9D55-4E54-A0F5-AF2340BCF44F}.Debug|Any CPU.Build.0 = Debug|Any CPU
		{4659F562-9D55-4E54-A0F5-AF2340BCF44F}.Release|Any CPU.ActiveCfg = Release|Any CPU
		{4659F562-9D55-4E54-A0F5-AF2340BCF44F}.Release|Any CPU.Build.0 = Release|Any CPU
	EndGlobalSection
	GlobalSection(SolutionProperties) = preSolution
		HideSolutionNode = FALSE
	EndGlobalSection
	GlobalSection(ExtensibilityGlobals) = postSolution
		SolutionGuid = {23829996-1DB4-4AD4-B5F0-2C8FC909B097}
	EndGlobalSection
EndGlobal
