
Microsoft Visual Studio Solution File, Format Version 12.00
# Visual Studio Version 16
VisualStudioVersion = 16.0.31402.337
MinimumVisualStudioVersion = 10.0.40219.1
Project("{FAE04EC0-301F-11D3-BF4B-00C04F79EFBC}") = "Indexers", "Indexers\Indexers.csproj", "{CC654CEF-B449-4D68-AC2C-AA8B0D7B58B0}"
EndProject
Global
	GlobalSection(SolutionConfigurationPlatforms) = preSolution
		Debug|Any CPU = Debug|Any CPU
		Release|Any CPU = Release|Any CPU
	EndGlobalSection
	GlobalSection(ProjectConfigurationPlatforms) = postSolution
		{CC654CEF-B449-4D68-AC2C-AA8B0D7B58B0}.Debug|Any CPU.ActiveCfg = Debug|Any CPU
		{CC654CEF-B449-4D68-AC2C-AA8B0D7B58B0}.Debug|Any CPU.Build.0 = Debug|Any CPU
		{CC654CEF-B449-4D68-AC2C-AA8B0D7B58B0}.Release|Any CPU.ActiveCfg = Release|Any CPU
		{CC654CEF-B449-4D68-AC2C-AA8B0D7B58B0}.Release|Any CPU.Build.0 = Release|Any CPU
	EndGlobalSection
	GlobalSection(SolutionProperties) = preSolution
		HideSolutionNode = FALSE
	EndGlobalSection
	GlobalSection(ExtensibilityGlobals) = postSolution
		SolutionGuid = {CD8C7309-D1D9-4BAE-9AEC-62C28198737A}
	EndGlobalSection
EndGlobal
