
Microsoft Visual Studio Solution File, Format Version 12.00
# Visual Studio Version 16
VisualStudioVersion = 16.0.31410.357
MinimumVisualStudioVersion = 10.0.40219.1
Project("{FAE04EC0-301F-11D3-BF4B-00C04F79EFBC}") = "ProtectingSharedResources", "ProtectingSharedResources\ProtectingSharedResources.csproj", "{75AEA711-3F2A-4B34-B645-508D0BA342E1}"
EndProject
Global
	GlobalSection(SolutionConfigurationPlatforms) = preSolution
		Debug|Any CPU = Debug|Any CPU
		Release|Any CPU = Release|Any CPU
	EndGlobalSection
	GlobalSection(ProjectConfigurationPlatforms) = postSolution
		{75AEA711-3F2A-4B34-B645-508D0BA342E1}.Debug|Any CPU.ActiveCfg = Debug|Any CPU
		{75AEA711-3F2A-4B34-B645-508D0BA342E1}.Debug|Any CPU.Build.0 = Debug|Any CPU
		{75AEA711-3F2A-4B34-B645-508D0BA342E1}.Release|Any CPU.ActiveCfg = Release|Any CPU
		{75AEA711-3F2A-4B34-B645-508D0BA342E1}.Release|Any CPU.Build.0 = Release|Any CPU
	EndGlobalSection
	GlobalSection(SolutionProperties) = preSolution
		HideSolutionNode = FALSE
	EndGlobalSection
	GlobalSection(ExtensibilityGlobals) = postSolution
		SolutionGuid = {AD8C7530-8ED9-495D-B9B1-21647A0D62F7}
	EndGlobalSection
EndGlobal
