
Microsoft Visual Studio Solution File, Format Version 12.00
# Visual Studio Version 16
VisualStudioVersion = 16.0.31402.337
MinimumVisualStudioVersion = 10.0.40219.1
Project("{FAE04EC0-301F-11D3-BF4B-00C04F79EFBC}") = "PartialClasses", "PartialClasses\PartialClasses.csproj", "{FAE425F4-3AE1-4D6E-BCDA-1F800604B876}"
EndProject
Project("{FAE04EC0-301F-11D3-BF4B-00C04F79EFBC}") = "WindowsFormsApp1", "WindowsFormsApp1\WindowsFormsApp1.csproj", "{FB72FE88-CB23-4EB8-858B-73A5881871EF}"
EndProject
Global
	GlobalSection(SolutionConfigurationPlatforms) = preSolution
		Debug|Any CPU = Debug|Any CPU
		Release|Any CPU = Release|Any CPU
	EndGlobalSection
	GlobalSection(ProjectConfigurationPlatforms) = postSolution
		{FAE425F4-3AE1-4D6E-BCDA-1F800604B876}.Debug|Any CPU.ActiveCfg = Debug|Any CPU
		{FAE425F4-3AE1-4D6E-BCDA-1F800604B876}.Debug|Any CPU.Build.0 = Debug|Any CPU
		{FAE425F4-3AE1-4D6E-BCDA-1F800604B876}.Release|Any CPU.ActiveCfg = Release|Any CPU
		{FAE425F4-3AE1-4D6E-BCDA-1F800604B876}.Release|Any CPU.Build.0 = Release|Any CPU
		{FB72FE88-CB23-4EB8-858B-73A5881871EF}.Debug|Any CPU.ActiveCfg = Debug|Any CPU
		{FB72FE88-CB23-4EB8-858B-73A5881871EF}.Debug|Any CPU.Build.0 = Debug|Any CPU
		{FB72FE88-CB23-4EB8-858B-73A5881871EF}.Release|Any CPU.ActiveCfg = Release|Any CPU
		{FB72FE88-CB23-4EB8-858B-73A5881871EF}.Release|Any CPU.Build.0 = Release|Any CPU
	EndGlobalSection
	GlobalSection(SolutionProperties) = preSolution
		HideSolutionNode = FALSE
	EndGlobalSection
	GlobalSection(ExtensibilityGlobals) = postSolution
		SolutionGuid = {D8EE97E8-9229-47F6-8E96-440D80E8B1D5}
	EndGlobalSection
EndGlobal
